<?xml version="1.0" encoding="utf-8"?>
<Project ToolsVersion="4.0" xmlns="http://schemas.microsoft.com/developer/msbuild/2003">
  <ItemGroup>
    <Filter Include="AppSource">
      <UniqueIdentifier>{e3af39e3-66f2-4fc8-81be-2e2ff69be4f9}</UniqueIdentifier>
    </Filter>
    <Filter Include="AppSource\Common">
      <UniqueIdentifier>{20f7ceb9-0257-4543-ac91-a708b8b411aa}</UniqueIdentifier>
    </Filter>
    <Filter Include="AppSource\EmailComposer">
      <UniqueIdentifier>{9137ee90-e962-4fd8-b61f-98a82c3bc132}</UniqueIdentifier>
    </Filter>
    <Filter Include="AppSource\Lighting">
      <UniqueIdentifier>{31cab2f5-ace5-47db-a659-a628b4b1a0b9}</UniqueIdentifier>
    </Filter>
    <Filter Include="AppSource\WebView">
      <UniqueIdentifier>{06ffcfcd-02b6-429b-8e77-56f2ef165f8b}</UniqueIdentifier>
    </Filter>
    <Filter Include="AppSource\Gesture">
      <UniqueIdentifier>{ea8fd364-86f0-4472-ae95-37089bab6cc4}</UniqueIdentifier>
    </Filter>
    <Filter Include="AppSource\Common\Behaviour">
      <UniqueIdentifier>{9b4f6935-4dd6-44a6-93ae-32822b4d9665}</UniqueIdentifier>
    </Filter>
    <Filter Include="AppSource\Common\Core">
      <UniqueIdentifier>{5de7961b-7d3a-4c82-b655-4b0da15ff934}</UniqueIdentifier>
    </Filter>
    <Filter Include="AppSource\Common\UI">
      <UniqueIdentifier>{d3a98938-d3e8-4a84-9c0b-d177e07a0ced}</UniqueIdentifier>
    </Filter>
    <Filter Include="AppSource\Particle">
      <UniqueIdentifier>{0da443ff-d030-4347-a728-489b81f96776}</UniqueIdentifier>
    </Filter>
    <Filter Include="AppSource\CricketAudio">
      <UniqueIdentifier>{aac4450b-ad3e-4d7c-840b-1539075d7064}</UniqueIdentifier>
    </Filter>
    <Filter Include="AppSource\IntegrationTest">
      <UniqueIdentifier>{e2a44b82-0543-478e-b183-13baf98759fb}</UniqueIdentifier>
    </Filter>
    <Filter Include="AppSource\UnitTest">
      <UniqueIdentifier>{63ea556f-832d-4595-a10b-8ddc78f3af01}</UniqueIdentifier>
    </Filter>
    <Filter Include="AppSource\DownloadProgress">
      <UniqueIdentifier>{f9d4f220-b5dc-4586-bfd4-9b310c8a4bf8}</UniqueIdentifier>
    </Filter>
    <Filter Include="AppSource\IntegrationTest\TestSystem">
      <UniqueIdentifier>{a20764d6-190b-455f-99b2-a972df97e027}</UniqueIdentifier>
    </Filter>
    <Filter Include="AppSource\IntegrationTest\Tests">
      <UniqueIdentifier>{eebad987-5717-4628-a619-68dac7719987}</UniqueIdentifier>
    </Filter>
    <Filter Include="AppSource\UnitTest\TestSystem">
      <UniqueIdentifier>{0d4d6b8f-5860-448f-a3ef-79ab360adeff}</UniqueIdentifier>
    </Filter>
    <Filter Include="AppSource\UnitTest\Tests">
      <UniqueIdentifier>{467e313a-305a-4c9c-93d4-ccd260124044}</UniqueIdentifier>
    </Filter>
    <Filter Include="AppSource\MainMenu">
      <UniqueIdentifier>{cd4f945b-b498-48c7-8e55-29d28dc8f1fd}</UniqueIdentifier>
    </Filter>
    <Filter Include="AppSource\SmokeTest">
      <UniqueIdentifier>{0e49f6fb-035d-4c26-8d32-1ff3cfa458de}</UniqueIdentifier>
    </Filter>
    <Filter Include="AppSource\MultiThreadedRenderer">
      <UniqueIdentifier>{714d097d-d6ce-4726-b921-eb6fde70fcff}</UniqueIdentifier>
    </Filter>
  </ItemGroup>
  <ItemGroup>
    <ClCompile Include="..\..\AppSource\App.cpp">
      <Filter>AppSource</Filter>
    </ClCompile>
    <ClCompile Include="..\..\AppSource\Common\Behaviour\FollowerComponent.cpp">
      <Filter>AppSource\Common\Behaviour</Filter>
    </ClCompile>
    <ClCompile Include="..\..\AppSource\Common\Behaviour\OrbiterComponent.cpp">
      <Filter>AppSource\Common\Behaviour</Filter>
    </ClCompile>
    <ClCompile Include="..\..\AppSource\Common\Core\Approx.cpp">
      <Filter>AppSource\Common\Core</Filter>
    </ClCompile>
    <ClCompile Include="..\..\AppSource\Common\Core\BasicEntityFactory.cpp">
      <Filter>AppSource\Common\Core</Filter>
    </ClCompile>
    <ClCompile Include="..\..\AppSource\Common\Core\ResultPresenter.cpp">
      <Filter>AppSource\Common\Core</Filter>
    </ClCompile>
    <ClCompile Include="..\..\AppSource\Common\UI\BasicWidgetFactory.cpp">
      <Filter>AppSource\Common\UI</Filter>
    </ClCompile>
    <ClCompile Include="..\..\AppSource\EmailComposer\State.cpp">
      <Filter>AppSource\EmailComposer</Filter>
    </ClCompile>
    <ClCompile Include="..\..\AppSource\Gesture\EventInfo.cpp">
      <Filter>AppSource\Gesture</Filter>
    </ClCompile>
    <ClCompile Include="..\..\AppSource\Gesture\GesturePresenter.cpp">
      <Filter>AppSource\Gesture</Filter>
    </ClCompile>
    <ClCompile Include="..\..\AppSource\Gesture\State.cpp">
      <Filter>AppSource\Gesture</Filter>
    </ClCompile>
    <ClCompile Include="..\..\AppSource\Lighting\State.cpp">
      <Filter>AppSource\Lighting</Filter>
    </ClCompile>
    <ClCompile Include="..\..\AppSource\WebView\State.cpp">
      <Filter>AppSource\WebView</Filter>
    </ClCompile>
    <ClCompile Include="..\..\AppSource\Particle\State.cpp">
      <Filter>AppSource\Particle</Filter>
    </ClCompile>
    <ClCompile Include="..\..\AppSource\CricketAudio\State.cpp">
      <Filter>AppSource\CricketAudio</Filter>
    </ClCompile>
    <ClCompile Include="..\..\AppSource\IntegrationTest\State.cpp">
      <Filter>AppSource\IntegrationTest</Filter>
    </ClCompile>
    <ClCompile Include="..\..\AppSource\IntegrationTest\Tests\HttpRequestTest.cpp">
      <Filter>AppSource\IntegrationTest\Tests</Filter>
    </ClCompile>
    <ClCompile Include="..\..\AppSource\IntegrationTest\TestSystem\Report.cpp">
      <Filter>AppSource\IntegrationTest\TestSystem</Filter>
    </ClCompile>
    <ClCompile Include="..\..\AppSource\IntegrationTest\TestSystem\ReportPresenter.cpp">
      <Filter>AppSource\IntegrationTest\TestSystem</Filter>
    </ClCompile>
    <ClCompile Include="..\..\AppSource\IntegrationTest\TestSystem\Test.cpp">
      <Filter>AppSource\IntegrationTest\TestSystem</Filter>
    </ClCompile>
    <ClCompile Include="..\..\AppSource\IntegrationTest\TestSystem\TestDesc.cpp">
      <Filter>AppSource\IntegrationTest\TestSystem</Filter>
    </ClCompile>
    <ClCompile Include="..\..\AppSource\IntegrationTest\TestSystem\Tester.cpp">
      <Filter>AppSource\IntegrationTest\TestSystem</Filter>
    </ClCompile>
    <ClCompile Include="..\..\AppSource\IntegrationTest\TestSystem\TestRegistry.cpp">
      <Filter>AppSource\IntegrationTest\TestSystem</Filter>
    </ClCompile>
    <ClCompile Include="..\..\AppSource\DownloadProgress\DownloadProgressTestSystem.cpp">
      <Filter>AppSource\DownloadProgress</Filter>
    </ClCompile>
    <ClCompile Include="..\..\AppSource\DownloadProgress\State.cpp">
      <Filter>AppSource\DownloadProgress</Filter>
    </ClCompile>
    <ClCompile Include="..\..\AppSource\UnitTest\State.cpp">
      <Filter>AppSource\UnitTest</Filter>
    </ClCompile>
    <ClCompile Include="..\..\AppSource\UnitTest\Tests\Vector2.cpp">
      <Filter>AppSource\UnitTest\Tests</Filter>
    </ClCompile>
    <ClCompile Include="..\..\AppSource\UnitTest\Tests\Vector3.cpp">
      <Filter>AppSource\UnitTest\Tests</Filter>
    </ClCompile>
    <ClCompile Include="..\..\AppSource\UnitTest\Tests\Vector4.cpp">
      <Filter>AppSource\UnitTest\Tests</Filter>
    </ClCompile>
    <ClCompile Include="..\..\AppSource\Common\Core\TestNavigator.cpp">
      <Filter>AppSource\Common\Core</Filter>
    </ClCompile>
    <ClCompile Include="..\..\AppSource\Common\UI\OptionsMenuDesc.cpp">
      <Filter>AppSource\Common\UI</Filter>
    </ClCompile>
    <ClCompile Include="..\..\AppSource\Common\UI\OptionsMenuPresenter.cpp">
      <Filter>AppSource\Common\UI</Filter>
    </ClCompile>
    <ClCompile Include="..\..\AppSource\MainMenu\State.cpp">
      <Filter>AppSource\MainMenu</Filter>
    </ClCompile>
    <ClCompile Include="..\..\AppSource\SmokeTest\State.cpp">
      <Filter>AppSource\SmokeTest</Filter>
    </ClCompile>
    <ClCompile Include="..\..\AppSource\UnitTest\TestSystem\CSReporter.cpp">
      <Filter>AppSource\UnitTest\TestSystem</Filter>
    </ClCompile>
    <ClCompile Include="..\..\AppSource\UnitTest\TestSystem\FailedAssertion.cpp">
      <Filter>AppSource\UnitTest\TestSystem</Filter>
    </ClCompile>
    <ClCompile Include="..\..\AppSource\UnitTest\TestSystem\FailedSection.cpp">
      <Filter>AppSource\UnitTest\TestSystem</Filter>
    </ClCompile>
    <ClCompile Include="..\..\AppSource\UnitTest\TestSystem\FailedTestCase.cpp">
      <Filter>AppSource\UnitTest\TestSystem</Filter>
    </ClCompile>
    <ClCompile Include="..\..\AppSource\UnitTest\TestSystem\Report.cpp">
      <Filter>AppSource\UnitTest\TestSystem</Filter>
    </ClCompile>
    <ClCompile Include="..\..\AppSource\UnitTest\TestSystem\ReportPresenter.cpp">
      <Filter>AppSource\UnitTest\TestSystem</Filter>
    </ClCompile>
    <ClCompile Include="..\..\AppSource\UnitTest\TestSystem\TestSystem.cpp">
      <Filter>AppSource\UnitTest\TestSystem</Filter>
    </ClCompile>
    <ClCompile Include="..\..\AppSource\IntegrationTest\Tests\FileSystemTest.cpp">
      <Filter>AppSource\IntegrationTest\Tests</Filter>
    </ClCompile>
    <ClCompile Include="..\..\AppSource\IntegrationTest\Tests\TaskSchedulerTest.cpp">
      <Filter>AppSource\IntegrationTest\Tests</Filter>
    </ClCompile>
    <ClCompile Include="..\..\AppSource\IntegrationTest\Tests\ForwardRenderPassCompilerTest.cpp">
      <Filter>AppSource\IntegrationTest\Tests</Filter>
    </ClCompile>
    <ClCompile Include="..\..\AppSource\MultiThreadedRenderer\FrameTimeCalculator.cpp">
      <Filter>AppSource\MultiThreadedRenderer</Filter>
    </ClCompile>
    <ClCompile Include="..\..\AppSource\MultiThreadedRenderer\SphereBounceComponent.cpp">
      <Filter>AppSource\MultiThreadedRenderer</Filter>
    </ClCompile>
    <ClCompile Include="..\..\AppSource\MultiThreadedRenderer\State.cpp">
      <Filter>AppSource\MultiThreadedRenderer</Filter>
    </ClCompile>
  </ItemGroup>
  <ItemGroup>
    <ClInclude Include="..\..\AppSource\App.h">
      <Filter>AppSource</Filter>
    </ClInclude>
    <ClInclude Include="..\..\AppSource\CSTest.h">
      <Filter>AppSource</Filter>
    </ClInclude>
    <ClInclude Include="..\..\AppSource\Common\Behaviour\FollowerComponent.h">
      <Filter>AppSource\Common\Behaviour</Filter>
    </ClInclude>
    <ClInclude Include="..\..\AppSource\Common\Behaviour\OrbiterComponent.h">
      <Filter>AppSource\Common\Behaviour</Filter>
    </ClInclude>
    <ClInclude Include="..\..\AppSource\Common\Core\Approx.h">
      <Filter>AppSource\Common\Core</Filter>
    </ClInclude>
    <ClInclude Include="..\..\AppSource\Common\Core\BasicEntityFactory.h">
      <Filter>AppSource\Common\Core</Filter>
    </ClInclude>
    <ClInclude Include="..\..\AppSource\Common\Core\ResultPresenter.h">
      <Filter>AppSource\Common\Core</Filter>
    </ClInclude>
    <ClInclude Include="..\..\AppSource\Common\UI\BasicWidgetFactory.h">
      <Filter>AppSource\Common\UI</Filter>
    </ClInclude>
    <ClInclude Include="..\..\AppSource\EmailComposer\State.h">
      <Filter>AppSource\EmailComposer</Filter>
    </ClInclude>
    <ClInclude Include="..\..\AppSource\Gesture\EventInfo.h">
      <Filter>AppSource\Gesture</Filter>
    </ClInclude>
    <ClInclude Include="..\..\AppSource\Gesture\GesturePresenter.h">
      <Filter>AppSource\Gesture</Filter>
    </ClInclude>
    <ClInclude Include="..\..\AppSource\Gesture\State.h">
      <Filter>AppSource\Gesture</Filter>
    </ClInclude>
    <ClInclude Include="..\..\AppSource\Lighting\State.h">
      <Filter>AppSource\Lighting</Filter>
    </ClInclude>
    <ClInclude Include="..\..\AppSource\WebView\State.h">
      <Filter>AppSource\WebView</Filter>
    </ClInclude>
    <ClInclude Include="..\..\AppSource\Particle\State.h">
      <Filter>AppSource\Particle</Filter>
    </ClInclude>
    <ClInclude Include="..\..\AppSource\CricketAudio\State.h">
      <Filter>AppSource\CricketAudio</Filter>
    </ClInclude>
    <ClInclude Include="..\..\AppSource\IntegrationTest\State.h">
      <Filter>AppSource\IntegrationTest</Filter>
    </ClInclude>
    <ClInclude Include="..\..\AppSource\IntegrationTest\TestSystem\AutoRegister.h">
      <Filter>AppSource\IntegrationTest\TestSystem</Filter>
    </ClInclude>
    <ClInclude Include="..\..\AppSource\IntegrationTest\TestSystem\Report.h">
      <Filter>AppSource\IntegrationTest\TestSystem</Filter>
    </ClInclude>
    <ClInclude Include="..\..\AppSource\IntegrationTest\TestSystem\ReportPresenter.h">
      <Filter>AppSource\IntegrationTest\TestSystem</Filter>
    </ClInclude>
    <ClInclude Include="..\..\AppSource\IntegrationTest\TestSystem\Test.h">
      <Filter>AppSource\IntegrationTest\TestSystem</Filter>
    </ClInclude>
    <ClInclude Include="..\..\AppSource\IntegrationTest\TestSystem\TestCase.h">
      <Filter>AppSource\IntegrationTest\TestSystem</Filter>
    </ClInclude>
    <ClInclude Include="..\..\AppSource\IntegrationTest\TestSystem\TestDesc.h">
      <Filter>AppSource\IntegrationTest\TestSystem</Filter>
    </ClInclude>
    <ClInclude Include="..\..\AppSource\IntegrationTest\TestSystem\Tester.h">
      <Filter>AppSource\IntegrationTest\TestSystem</Filter>
    </ClInclude>
    <ClInclude Include="..\..\AppSource\IntegrationTest\TestSystem\TestRegistry.h">
      <Filter>AppSource\IntegrationTest\TestSystem</Filter>
    </ClInclude>
    <ClInclude Include="..\..\AppSource\DownloadProgress\DownloadProgressTestSystem.h">
      <Filter>AppSource\DownloadProgress</Filter>
    </ClInclude>
    <ClInclude Include="..\..\AppSource\DownloadProgress\State.h">
      <Filter>AppSource\DownloadProgress</Filter>
    </ClInclude>
    <ClInclude Include="..\..\AppSource\UnitTest\State.h">
      <Filter>AppSource\UnitTest</Filter>
    </ClInclude>
    <ClInclude Include="..\..\AppSource\Common\Core\TestNavigator.h">
      <Filter>AppSource\Common\Core</Filter>
    </ClInclude>
    <ClInclude Include="..\..\AppSource\Common\UI\OptionsMenuDesc.h">
      <Filter>AppSource\Common\UI</Filter>
    </ClInclude>
    <ClInclude Include="..\..\AppSource\Common\UI\OptionsMenuPresenter.h">
      <Filter>AppSource\Common\UI</Filter>
    </ClInclude>
    <ClInclude Include="..\..\AppSource\MainMenu\State.h">
      <Filter>AppSource\MainMenu</Filter>
    </ClInclude>
    <ClInclude Include="..\..\AppSource\SmokeTest\State.h">
      <Filter>AppSource\SmokeTest</Filter>
    </ClInclude>
    <ClInclude Include="..\..\AppSource\UnitTest\TestSystem\CSReporter.h">
      <Filter>AppSource\UnitTest\TestSystem</Filter>
    </ClInclude>
    <ClInclude Include="..\..\AppSource\UnitTest\TestSystem\FailedAssertion.h">
      <Filter>AppSource\UnitTest\TestSystem</Filter>
    </ClInclude>
    <ClInclude Include="..\..\AppSource\UnitTest\TestSystem\FailedSection.h">
      <Filter>AppSource\UnitTest\TestSystem</Filter>
    </ClInclude>
    <ClInclude Include="..\..\AppSource\UnitTest\TestSystem\FailedTestCase.h">
      <Filter>AppSource\UnitTest\TestSystem</Filter>
    </ClInclude>
    <ClInclude Include="..\..\AppSource\UnitTest\TestSystem\Report.h">
      <Filter>AppSource\UnitTest\TestSystem</Filter>
    </ClInclude>
    <ClInclude Include="..\..\AppSource\UnitTest\TestSystem\ReportPresenter.h">
      <Filter>AppSource\UnitTest\TestSystem</Filter>
    </ClInclude>
    <ClInclude Include="..\..\AppSource\UnitTest\TestSystem\TestSystem.h">
      <Filter>AppSource\UnitTest\TestSystem</Filter>
    </ClInclude>
    <ClInclude Include="..\..\AppSource\MultiThreadedRenderer\FrameTimeCalculator.h">
      <Filter>AppSource\MultiThreadedRenderer</Filter>
    </ClInclude>
    <ClInclude Include="..\..\AppSource\MultiThreadedRenderer\SphereBounceComponent.h">
      <Filter>AppSource\MultiThreadedRenderer</Filter>
    </ClInclude>
    <ClInclude Include="..\..\AppSource\MultiThreadedRenderer\State.h">
      <Filter>AppSource\MultiThreadedRenderer</Filter>
    </ClInclude>
  </ItemGroup>
</Project>