// !$*UTF8*$!
{
	archiveVersion = 1;
	classes = {
	};
	objectVersion = 46;
	objects = {

/* Begin PBXBuildFile section */
		814192891C97099B0056F280 /* State.cpp in Sources */ = {isa = PBXBuildFile; fileRef = 814192871C97099B0056F280 /* State.cpp */; };
		81778F9C1C8D9D18008EEAFD /* Images.xcassets in Resources */ = {isa = PBXBuildFile; fileRef = 81778F9B1C8D9D18008EEAFD /* Images.xcassets */; };
		81BF96C31C984DE400E51E18 /* State.cpp in Sources */ = {isa = PBXBuildFile; fileRef = 81BF96AF1C984DE400E51E18 /* State.cpp */; };
		81BF96C41C984DE400E51E18 /* FileSystem.cpp in Sources */ = {isa = PBXBuildFile; fileRef = 81BF96B21C984DE400E51E18 /* FileSystem.cpp */; };
		81BF96C51C984DE400E51E18 /* Vector2.cpp in Sources */ = {isa = PBXBuildFile; fileRef = 81BF96B31C984DE400E51E18 /* Vector2.cpp */; };
		81BF96C61C984DE400E51E18 /* Vector3.cpp in Sources */ = {isa = PBXBuildFile; fileRef = 81BF96B41C984DE400E51E18 /* Vector3.cpp */; };
		81BF96C71C984DE400E51E18 /* Vector4.cpp in Sources */ = {isa = PBXBuildFile; fileRef = 81BF96B51C984DE400E51E18 /* Vector4.cpp */; };
		81BF96C81C984DE400E51E18 /* CSReporter.cpp in Sources */ = {isa = PBXBuildFile; fileRef = 81BF96B71C984DE400E51E18 /* CSReporter.cpp */; };
		81BF96C91C984DE400E51E18 /* FailedAssertion.cpp in Sources */ = {isa = PBXBuildFile; fileRef = 81BF96B91C984DE400E51E18 /* FailedAssertion.cpp */; };
		81BF96CA1C984DE400E51E18 /* Report.cpp in Sources */ = {isa = PBXBuildFile; fileRef = 81BF96BB1C984DE400E51E18 /* Report.cpp */; };
		81BF96CB1C984DE400E51E18 /* ReportPresenter.cpp in Sources */ = {isa = PBXBuildFile; fileRef = 81BF96BD1C984DE400E51E18 /* ReportPresenter.cpp */; };
		81BF96CC1C984DE400E51E18 /* TestCase.cpp in Sources */ = {isa = PBXBuildFile; fileRef = 81BF96BF1C984DE400E51E18 /* TestCase.cpp */; };
		81BF96CD1C984DE400E51E18 /* TestSystem.cpp in Sources */ = {isa = PBXBuildFile; fileRef = 81BF96C11C984DE400E51E18 /* TestSystem.cpp */; };
		81BF96D91C984F6700E51E18 /* State.cpp in Sources */ = {isa = PBXBuildFile; fileRef = 81BF96CF1C984F6700E51E18 /* State.cpp */; };
		81BF96DB1C984F6700E51E18 /* Test.cpp in Sources */ = {isa = PBXBuildFile; fileRef = 81BF96D51C984F6700E51E18 /* Test.cpp */; };
		81BF96DC1C984F6700E51E18 /* Tester.cpp in Sources */ = {isa = PBXBuildFile; fileRef = 81BF96D71C984F6700E51E18 /* Tester.cpp */; };
		81BF96DF1C98546C00E51E18 /* TestRegistry.cpp in Sources */ = {isa = PBXBuildFile; fileRef = 81BF96DD1C98546C00E51E18 /* TestRegistry.cpp */; };
		81C7000A1C89E9F300D306F9 /* LaunchScreen.storyboard in Resources */ = {isa = PBXBuildFile; fileRef = 81C700041C89E9F300D306F9 /* LaunchScreen.storyboard */; };
		81C700321C89ECA400D306F9 /* Accounts.framework in Frameworks */ = {isa = PBXBuildFile; fileRef = 81C700151C89ECA400D306F9 /* Accounts.framework */; };
		81C700331C89ECA400D306F9 /* AddressBook.framework in Frameworks */ = {isa = PBXBuildFile; fileRef = 81C700161C89ECA400D306F9 /* AddressBook.framework */; };
		81C700341C89ECA400D306F9 /* AddressBookUI.framework in Frameworks */ = {isa = PBXBuildFile; fileRef = 81C700171C89ECA400D306F9 /* AddressBookUI.framework */; };
		81C700351C89ECA400D306F9 /* AdSupport.framework in Frameworks */ = {isa = PBXBuildFile; fileRef = 81C700181C89ECA400D306F9 /* AdSupport.framework */; };
		81C700361C89ECA400D306F9 /* AudioToolbox.framework in Frameworks */ = {isa = PBXBuildFile; fileRef = 81C700191C89ECA400D306F9 /* AudioToolbox.framework */; };
		81C700371C89ECA400D306F9 /* AVFoundation.framework in Frameworks */ = {isa = PBXBuildFile; fileRef = 81C7001A1C89ECA400D306F9 /* AVFoundation.framework */; };
		81C700381C89ECA400D306F9 /* CFNetwork.framework in Frameworks */ = {isa = PBXBuildFile; fileRef = 81C7001B1C89ECA400D306F9 /* CFNetwork.framework */; };
		81C700391C89ECA400D306F9 /* CoreAudio.framework in Frameworks */ = {isa = PBXBuildFile; fileRef = 81C7001C1C89ECA400D306F9 /* CoreAudio.framework */; };
		81C7003A1C89ECA400D306F9 /* CoreGraphics.framework in Frameworks */ = {isa = PBXBuildFile; fileRef = 81C7001D1C89ECA400D306F9 /* CoreGraphics.framework */; };
		81C7003B1C89ECA400D306F9 /* CoreLocation.framework in Frameworks */ = {isa = PBXBuildFile; fileRef = 81C7001E1C89ECA400D306F9 /* CoreLocation.framework */; };
		81C7003C1C89ECA400D306F9 /* CoreMedia.framework in Frameworks */ = {isa = PBXBuildFile; fileRef = 81C7001F1C89ECA400D306F9 /* CoreMedia.framework */; };
		81C7003D1C89ECA400D306F9 /* CoreMotion.framework in Frameworks */ = {isa = PBXBuildFile; fileRef = 81C700201C89ECA400D306F9 /* CoreMotion.framework */; };
		81C7003E1C89ECA400D306F9 /* CoreTelephony.framework in Frameworks */ = {isa = PBXBuildFile; fileRef = 81C700211C89ECA400D306F9 /* CoreTelephony.framework */; };
		81C7003F1C89ECA400D306F9 /* Foundation.framework in Frameworks */ = {isa = PBXBuildFile; fileRef = 81C700221C89ECA400D306F9 /* Foundation.framework */; };
		81C700401C89ECA400D306F9 /* GLKit.framework in Frameworks */ = {isa = PBXBuildFile; fileRef = 81C700231C89ECA400D306F9 /* GLKit.framework */; };
		81C700411C89ECA400D306F9 /* libsqlite3.0.tbd in Frameworks */ = {isa = PBXBuildFile; fileRef = 81C700241C89ECA400D306F9 /* libsqlite3.0.tbd */; };
		81C700421C89ECA400D306F9 /* libz.1.2.5.tbd in Frameworks */ = {isa = PBXBuildFile; fileRef = 81C700251C89ECA400D306F9 /* libz.1.2.5.tbd */; };
		81C700431C89ECA400D306F9 /* libz.tbd in Frameworks */ = {isa = PBXBuildFile; fileRef = 81C700261C89ECA400D306F9 /* libz.tbd */; };
		81C700441C89ECA400D306F9 /* MapKit.framework in Frameworks */ = {isa = PBXBuildFile; fileRef = 81C700271C89ECA400D306F9 /* MapKit.framework */; };
		81C700451C89ECA400D306F9 /* MediaPlayer.framework in Frameworks */ = {isa = PBXBuildFile; fileRef = 81C700281C89ECA400D306F9 /* MediaPlayer.framework */; };
		81C700461C89ECA400D306F9 /* MessageUI.framework in Frameworks */ = {isa = PBXBuildFile; fileRef = 81C700291C89ECA400D306F9 /* MessageUI.framework */; };
		81C700471C89ECA400D306F9 /* MobileCoreServices.framework in Frameworks */ = {isa = PBXBuildFile; fileRef = 81C7002A1C89ECA400D306F9 /* MobileCoreServices.framework */; };
		81C700481C89ECA400D306F9 /* OpenGLES.framework in Frameworks */ = {isa = PBXBuildFile; fileRef = 81C7002B1C89ECA400D306F9 /* OpenGLES.framework */; };
		81C700491C89ECA400D306F9 /* QuartzCore.framework in Frameworks */ = {isa = PBXBuildFile; fileRef = 81C7002C1C89ECA400D306F9 /* QuartzCore.framework */; };
		81C7004A1C89ECA400D306F9 /* Security.framework in Frameworks */ = {isa = PBXBuildFile; fileRef = 81C7002D1C89ECA400D306F9 /* Security.framework */; };
		81C7004B1C89ECA400D306F9 /* Social.framework in Frameworks */ = {isa = PBXBuildFile; fileRef = 81C7002E1C89ECA400D306F9 /* Social.framework */; };
		81C7004C1C89ECA400D306F9 /* StoreKit.framework in Frameworks */ = {isa = PBXBuildFile; fileRef = 81C7002F1C89ECA400D306F9 /* StoreKit.framework */; };
		81C7004D1C89ECA400D306F9 /* SystemConfiguration.framework in Frameworks */ = {isa = PBXBuildFile; fileRef = 81C700301C89ECA400D306F9 /* SystemConfiguration.framework */; };
		81C7004E1C89ECA400D306F9 /* UIKit.framework in Frameworks */ = {isa = PBXBuildFile; fileRef = 81C700311C89ECA400D306F9 /* UIKit.framework */; };
		81C700571C89EDA200D306F9 /* libChilliSource.a in Frameworks */ = {isa = PBXBuildFile; fileRef = 81C700541C89ECB600D306F9 /* libChilliSource.a */; };
		81C7010B1C89EF9A00D306F9 /* AppResources in Resources */ = {isa = PBXBuildFile; fileRef = 81C701091C89EF9A00D306F9 /* AppResources */; };
		81C7010C1C89EF9A00D306F9 /* CSResources in Resources */ = {isa = PBXBuildFile; fileRef = 81C7010A1C89EF9A00D306F9 /* CSResources */; };
		81CF6EAA1C8F1378000DDF92 /* WebViewCloseButton.png in Resources */ = {isa = PBXBuildFile; fileRef = 81CF6EA91C8F1378000DDF92 /* WebViewCloseButton.png */; };
		81CF70AE1C8F363C000DDF92 /* App.cpp in Sources */ = {isa = PBXBuildFile; fileRef = 81CF706E1C8F363C000DDF92 /* App.cpp */; };
		81CF70AF1C8F363C000DDF92 /* FollowerComponent.cpp in Sources */ = {isa = PBXBuildFile; fileRef = 81CF70721C8F363C000DDF92 /* FollowerComponent.cpp */; };
		81CF70B01C8F363C000DDF92 /* OrbiterComponent.cpp in Sources */ = {isa = PBXBuildFile; fileRef = 81CF70741C8F363C000DDF92 /* OrbiterComponent.cpp */; };
		81CF70B11C8F363C000DDF92 /* Approx.cpp in Sources */ = {isa = PBXBuildFile; fileRef = 81CF70771C8F363C000DDF92 /* Approx.cpp */; };
		81CF70B21C8F363C000DDF92 /* BasicEntityFactory.cpp in Sources */ = {isa = PBXBuildFile; fileRef = 81CF70791C8F363C000DDF92 /* BasicEntityFactory.cpp */; };
		81CF70B31C8F363C000DDF92 /* ResultPresenter.cpp in Sources */ = {isa = PBXBuildFile; fileRef = 81CF707B1C8F363C000DDF92 /* ResultPresenter.cpp */; };
		81CF70B41C8F363C000DDF92 /* SmokeTester.cpp in Sources */ = {isa = PBXBuildFile; fileRef = 81CF707D1C8F363C000DDF92 /* SmokeTester.cpp */; };
		81CF70B51C8F363C000DDF92 /* SmokeTestSet.cpp in Sources */ = {isa = PBXBuildFile; fileRef = 81CF707F1C8F363C000DDF92 /* SmokeTestSet.cpp */; };
		81CF70B61C8F363C000DDF92 /* BasicWidgetFactory.cpp in Sources */ = {isa = PBXBuildFile; fileRef = 81CF70841C8F363C000DDF92 /* BasicWidgetFactory.cpp */; };
		81CF70B71C8F363C000DDF92 /* EventInfo.cpp in Sources */ = {isa = PBXBuildFile; fileRef = 81CF70881C8F363C000DDF92 /* EventInfo.cpp */; };
		81CF70B81C8F363C000DDF92 /* GesturePresenter.cpp in Sources */ = {isa = PBXBuildFile; fileRef = 81CF708A1C8F363C000DDF92 /* GesturePresenter.cpp */; };
		81CF70B91C8F363C000DDF92 /* State.cpp in Sources */ = {isa = PBXBuildFile; fileRef = 81CF708C1C8F363C000DDF92 /* State.cpp */; };
		81CF70BA1C8F363C000DDF92 /* DownloadProgressTestSystem.cpp in Sources */ = {isa = PBXBuildFile; fileRef = 81CF708F1C8F363C000DDF92 /* DownloadProgressTestSystem.cpp */; };
		81CF70BB1C8F363C000DDF92 /* State.cpp in Sources */ = {isa = PBXBuildFile; fileRef = 81CF70911C8F363C000DDF92 /* State.cpp */; };
		81CF70C71C8F363C000DDF92 /* State.cpp in Sources */ = {isa = PBXBuildFile; fileRef = 81CF70A91C8F363C000DDF92 /* State.cpp */; };
		81CF70C81C8F363C000DDF92 /* State.cpp in Sources */ = {isa = PBXBuildFile; fileRef = 81CF70AC1C8F363C000DDF92 /* State.cpp */; };
		81CF70CC1C8F3850000DDF92 /* State.cpp in Sources */ = {isa = PBXBuildFile; fileRef = 81CF70CA1C8F3850000DDF92 /* State.cpp */; };
		81E64C111C996CC300579AB3 /* TestDesc.cpp in Sources */ = {isa = PBXBuildFile; fileRef = 81E64C0F1C996CC300579AB3 /* TestDesc.cpp */; };
/* End PBXBuildFile section */

/* Begin PBXContainerItemProxy section */
		81C700531C89ECB600D306F9 /* PBXContainerItemProxy */ = {
			isa = PBXContainerItemProxy;
			containerPortal = 81C7004F1C89ECB600D306F9 /* ChilliSource.xcodeproj */;
			proxyType = 2;
			remoteGlobalIDString = 81D8ACF51962CEDC0010DA84;
			remoteInfo = ChilliSource;
		};
/* End PBXContainerItemProxy section */

/* Begin PBXFileReference section */
		814192871C97099B0056F280 /* State.cpp */ = {isa = PBXFileReference; fileEncoding = 4; lastKnownFileType = sourcecode.cpp.cpp; path = State.cpp; sourceTree = "<group>"; };
		814192881C97099B0056F280 /* State.h */ = {isa = PBXFileReference; fileEncoding = 4; lastKnownFileType = sourcecode.c.h; path = State.h; sourceTree = "<group>"; };
		81778F9B1C8D9D18008EEAFD /* Images.xcassets */ = {isa = PBXFileReference; lastKnownFileType = folder.assetcatalog; path = Images.xcassets; sourceTree = "<group>"; };
		81BF96AF1C984DE400E51E18 /* State.cpp */ = {isa = PBXFileReference; fileEncoding = 4; lastKnownFileType = sourcecode.cpp.cpp; path = State.cpp; sourceTree = "<group>"; };
		81BF96B01C984DE400E51E18 /* State.h */ = {isa = PBXFileReference; fileEncoding = 4; lastKnownFileType = sourcecode.c.h; path = State.h; sourceTree = "<group>"; };
		81BF96B21C984DE400E51E18 /* FileSystem.cpp */ = {isa = PBXFileReference; fileEncoding = 4; lastKnownFileType = sourcecode.cpp.cpp; path = FileSystem.cpp; sourceTree = "<group>"; };
		81BF96B31C984DE400E51E18 /* Vector2.cpp */ = {isa = PBXFileReference; fileEncoding = 4; lastKnownFileType = sourcecode.cpp.cpp; path = Vector2.cpp; sourceTree = "<group>"; };
		81BF96B41C984DE400E51E18 /* Vector3.cpp */ = {isa = PBXFileReference; fileEncoding = 4; lastKnownFileType = sourcecode.cpp.cpp; path = Vector3.cpp; sourceTree = "<group>"; };
		81BF96B51C984DE400E51E18 /* Vector4.cpp */ = {isa = PBXFileReference; fileEncoding = 4; lastKnownFileType = sourcecode.cpp.cpp; path = Vector4.cpp; sourceTree = "<group>"; };
		81BF96B71C984DE400E51E18 /* CSReporter.cpp */ = {isa = PBXFileReference; fileEncoding = 4; lastKnownFileType = sourcecode.cpp.cpp; path = CSReporter.cpp; sourceTree = "<group>"; };
		81BF96B81C984DE400E51E18 /* CSReporter.h */ = {isa = PBXFileReference; fileEncoding = 4; lastKnownFileType = sourcecode.c.h; path = CSReporter.h; sourceTree = "<group>"; };
		81BF96B91C984DE400E51E18 /* FailedAssertion.cpp */ = {isa = PBXFileReference; fileEncoding = 4; lastKnownFileType = sourcecode.cpp.cpp; path = FailedAssertion.cpp; sourceTree = "<group>"; };
		81BF96BA1C984DE400E51E18 /* FailedAssertion.h */ = {isa = PBXFileReference; fileEncoding = 4; lastKnownFileType = sourcecode.c.h; path = FailedAssertion.h; sourceTree = "<group>"; };
		81BF96BB1C984DE400E51E18 /* Report.cpp */ = {isa = PBXFileReference; fileEncoding = 4; lastKnownFileType = sourcecode.cpp.cpp; path = Report.cpp; sourceTree = "<group>"; };
		81BF96BC1C984DE400E51E18 /* Report.h */ = {isa = PBXFileReference; fileEncoding = 4; lastKnownFileType = sourcecode.c.h; path = Report.h; sourceTree = "<group>"; };
		81BF96BD1C984DE400E51E18 /* ReportPresenter.cpp */ = {isa = PBXFileReference; fileEncoding = 4; lastKnownFileType = sourcecode.cpp.cpp; path = ReportPresenter.cpp; sourceTree = "<group>"; };
		81BF96BE1C984DE400E51E18 /* ReportPresenter.h */ = {isa = PBXFileReference; fileEncoding = 4; lastKnownFileType = sourcecode.c.h; path = ReportPresenter.h; sourceTree = "<group>"; };
		81BF96BF1C984DE400E51E18 /* TestCase.cpp */ = {isa = PBXFileReference; fileEncoding = 4; lastKnownFileType = sourcecode.cpp.cpp; path = TestCase.cpp; sourceTree = "<group>"; };
		81BF96C01C984DE400E51E18 /* TestCase.h */ = {isa = PBXFileReference; fileEncoding = 4; lastKnownFileType = sourcecode.c.h; path = TestCase.h; sourceTree = "<group>"; };
		81BF96C11C984DE400E51E18 /* TestSystem.cpp */ = {isa = PBXFileReference; fileEncoding = 4; lastKnownFileType = sourcecode.cpp.cpp; path = TestSystem.cpp; sourceTree = "<group>"; };
		81BF96C21C984DE400E51E18 /* TestSystem.h */ = {isa = PBXFileReference; fileEncoding = 4; lastKnownFileType = sourcecode.c.h; path = TestSystem.h; sourceTree = "<group>"; };
		81BF96CF1C984F6700E51E18 /* State.cpp */ = {isa = PBXFileReference; fileEncoding = 4; lastKnownFileType = sourcecode.cpp.cpp; path = State.cpp; sourceTree = "<group>"; };
		81BF96D01C984F6700E51E18 /* State.h */ = {isa = PBXFileReference; fileEncoding = 4; lastKnownFileType = sourcecode.c.h; path = State.h; sourceTree = "<group>"; };
		81BF96D41C984F6700E51E18 /* AutoRegister.h */ = {isa = PBXFileReference; fileEncoding = 4; lastKnownFileType = sourcecode.c.h; path = AutoRegister.h; sourceTree = "<group>"; };
		81BF96D51C984F6700E51E18 /* Test.cpp */ = {isa = PBXFileReference; fileEncoding = 4; lastKnownFileType = sourcecode.cpp.cpp; path = Test.cpp; sourceTree = "<group>"; };
		81BF96D61C984F6700E51E18 /* Test.h */ = {isa = PBXFileReference; fileEncoding = 4; lastKnownFileType = sourcecode.c.h; path = Test.h; sourceTree = "<group>"; };
		81BF96D71C984F6700E51E18 /* Tester.cpp */ = {isa = PBXFileReference; fileEncoding = 4; lastKnownFileType = sourcecode.cpp.cpp; path = Tester.cpp; sourceTree = "<group>"; };
		81BF96D81C984F6700E51E18 /* Tester.h */ = {isa = PBXFileReference; fileEncoding = 4; lastKnownFileType = sourcecode.c.h; path = Tester.h; sourceTree = "<group>"; };
		81BF96DD1C98546C00E51E18 /* TestRegistry.cpp */ = {isa = PBXFileReference; fileEncoding = 4; lastKnownFileType = sourcecode.cpp.cpp; path = TestRegistry.cpp; sourceTree = "<group>"; };
		81BF96DE1C98546C00E51E18 /* TestRegistry.h */ = {isa = PBXFileReference; fileEncoding = 4; lastKnownFileType = sourcecode.c.h; path = TestRegistry.h; sourceTree = "<group>"; };
		81BF96E01C98606300E51E18 /* TestCase.h */ = {isa = PBXFileReference; lastKnownFileType = sourcecode.c.h; path = TestCase.h; sourceTree = "<group>"; };
		81C700051C89E9F300D306F9 /* Base */ = {isa = PBXFileReference; lastKnownFileType = file.storyboard; name = Base; path = Base.lproj/LaunchScreen.storyboard; sourceTree = "<group>"; };
		81C700081C89E9F300D306F9 /* Info.plist */ = {isa = PBXFileReference; fileEncoding = 4; lastKnownFileType = text.plist.xml; path = Info.plist; sourceTree = "<group>"; };
		81C700151C89ECA400D306F9 /* Accounts.framework */ = {isa = PBXFileReference; lastKnownFileType = wrapper.framework; name = Accounts.framework; path = System/Library/Frameworks/Accounts.framework; sourceTree = SDKROOT; };
		81C700161C89ECA400D306F9 /* AddressBook.framework */ = {isa = PBXFileReference; lastKnownFileType = wrapper.framework; name = AddressBook.framework; path = System/Library/Frameworks/AddressBook.framework; sourceTree = SDKROOT; };
		81C700171C89ECA400D306F9 /* AddressBookUI.framework */ = {isa = PBXFileReference; lastKnownFileType = wrapper.framework; name = AddressBookUI.framework; path = System/Library/Frameworks/AddressBookUI.framework; sourceTree = SDKROOT; };
		81C700181C89ECA400D306F9 /* AdSupport.framework */ = {isa = PBXFileReference; lastKnownFileType = wrapper.framework; name = AdSupport.framework; path = System/Library/Frameworks/AdSupport.framework; sourceTree = SDKROOT; };
		81C700191C89ECA400D306F9 /* AudioToolbox.framework */ = {isa = PBXFileReference; lastKnownFileType = wrapper.framework; name = AudioToolbox.framework; path = System/Library/Frameworks/AudioToolbox.framework; sourceTree = SDKROOT; };
		81C7001A1C89ECA400D306F9 /* AVFoundation.framework */ = {isa = PBXFileReference; lastKnownFileType = wrapper.framework; name = AVFoundation.framework; path = System/Library/Frameworks/AVFoundation.framework; sourceTree = SDKROOT; };
		81C7001B1C89ECA400D306F9 /* CFNetwork.framework */ = {isa = PBXFileReference; lastKnownFileType = wrapper.framework; name = CFNetwork.framework; path = System/Library/Frameworks/CFNetwork.framework; sourceTree = SDKROOT; };
		81C7001C1C89ECA400D306F9 /* CoreAudio.framework */ = {isa = PBXFileReference; lastKnownFileType = wrapper.framework; name = CoreAudio.framework; path = System/Library/Frameworks/CoreAudio.framework; sourceTree = SDKROOT; };
		81C7001D1C89ECA400D306F9 /* CoreGraphics.framework */ = {isa = PBXFileReference; lastKnownFileType = wrapper.framework; name = CoreGraphics.framework; path = System/Library/Frameworks/CoreGraphics.framework; sourceTree = SDKROOT; };
		81C7001E1C89ECA400D306F9 /* CoreLocation.framework */ = {isa = PBXFileReference; lastKnownFileType = wrapper.framework; name = CoreLocation.framework; path = System/Library/Frameworks/CoreLocation.framework; sourceTree = SDKROOT; };
		81C7001F1C89ECA400D306F9 /* CoreMedia.framework */ = {isa = PBXFileReference; lastKnownFileType = wrapper.framework; name = CoreMedia.framework; path = System/Library/Frameworks/CoreMedia.framework; sourceTree = SDKROOT; };
		81C700201C89ECA400D306F9 /* CoreMotion.framework */ = {isa = PBXFileReference; lastKnownFileType = wrapper.framework; name = CoreMotion.framework; path = System/Library/Frameworks/CoreMotion.framework; sourceTree = SDKROOT; };
		81C700211C89ECA400D306F9 /* CoreTelephony.framework */ = {isa = PBXFileReference; lastKnownFileType = wrapper.framework; name = CoreTelephony.framework; path = System/Library/Frameworks/CoreTelephony.framework; sourceTree = SDKROOT; };
		81C700221C89ECA400D306F9 /* Foundation.framework */ = {isa = PBXFileReference; lastKnownFileType = wrapper.framework; name = Foundation.framework; path = System/Library/Frameworks/Foundation.framework; sourceTree = SDKROOT; };
		81C700231C89ECA400D306F9 /* GLKit.framework */ = {isa = PBXFileReference; lastKnownFileType = wrapper.framework; name = GLKit.framework; path = System/Library/Frameworks/GLKit.framework; sourceTree = SDKROOT; };
		81C700241C89ECA400D306F9 /* libsqlite3.0.tbd */ = {isa = PBXFileReference; lastKnownFileType = "sourcecode.text-based-dylib-definition"; name = libsqlite3.0.tbd; path = usr/lib/libsqlite3.0.tbd; sourceTree = SDKROOT; };
		81C700251C89ECA400D306F9 /* libz.1.2.5.tbd */ = {isa = PBXFileReference; lastKnownFileType = "sourcecode.text-based-dylib-definition"; name = libz.1.2.5.tbd; path = usr/lib/libz.1.2.5.tbd; sourceTree = SDKROOT; };
		81C700261C89ECA400D306F9 /* libz.tbd */ = {isa = PBXFileReference; lastKnownFileType = "sourcecode.text-based-dylib-definition"; name = libz.tbd; path = usr/lib/libz.tbd; sourceTree = SDKROOT; };
		81C700271C89ECA400D306F9 /* MapKit.framework */ = {isa = PBXFileReference; lastKnownFileType = wrapper.framework; name = MapKit.framework; path = System/Library/Frameworks/MapKit.framework; sourceTree = SDKROOT; };
		81C700281C89ECA400D306F9 /* MediaPlayer.framework */ = {isa = PBXFileReference; lastKnownFileType = wrapper.framework; name = MediaPlayer.framework; path = System/Library/Frameworks/MediaPlayer.framework; sourceTree = SDKROOT; };
		81C700291C89ECA400D306F9 /* MessageUI.framework */ = {isa = PBXFileReference; lastKnownFileType = wrapper.framework; name = MessageUI.framework; path = System/Library/Frameworks/MessageUI.framework; sourceTree = SDKROOT; };
		81C7002A1C89ECA400D306F9 /* MobileCoreServices.framework */ = {isa = PBXFileReference; lastKnownFileType = wrapper.framework; name = MobileCoreServices.framework; path = System/Library/Frameworks/MobileCoreServices.framework; sourceTree = SDKROOT; };
		81C7002B1C89ECA400D306F9 /* OpenGLES.framework */ = {isa = PBXFileReference; lastKnownFileType = wrapper.framework; name = OpenGLES.framework; path = System/Library/Frameworks/OpenGLES.framework; sourceTree = SDKROOT; };
		81C7002C1C89ECA400D306F9 /* QuartzCore.framework */ = {isa = PBXFileReference; lastKnownFileType = wrapper.framework; name = QuartzCore.framework; path = System/Library/Frameworks/QuartzCore.framework; sourceTree = SDKROOT; };
		81C7002D1C89ECA400D306F9 /* Security.framework */ = {isa = PBXFileReference; lastKnownFileType = wrapper.framework; name = Security.framework; path = System/Library/Frameworks/Security.framework; sourceTree = SDKROOT; };
		81C7002E1C89ECA400D306F9 /* Social.framework */ = {isa = PBXFileReference; lastKnownFileType = wrapper.framework; name = Social.framework; path = System/Library/Frameworks/Social.framework; sourceTree = SDKROOT; };
		81C7002F1C89ECA400D306F9 /* StoreKit.framework */ = {isa = PBXFileReference; lastKnownFileType = wrapper.framework; name = StoreKit.framework; path = System/Library/Frameworks/StoreKit.framework; sourceTree = SDKROOT; };
		81C700301C89ECA400D306F9 /* SystemConfiguration.framework */ = {isa = PBXFileReference; lastKnownFileType = wrapper.framework; name = SystemConfiguration.framework; path = System/Library/Frameworks/SystemConfiguration.framework; sourceTree = SDKROOT; };
		81C700311C89ECA400D306F9 /* UIKit.framework */ = {isa = PBXFileReference; lastKnownFileType = wrapper.framework; name = UIKit.framework; path = System/Library/Frameworks/UIKit.framework; sourceTree = SDKROOT; };
		81C7004F1C89ECB600D306F9 /* ChilliSource.xcodeproj */ = {isa = PBXFileReference; lastKnownFileType = "wrapper.pb-project"; name = ChilliSource.xcodeproj; path = ../../ChilliSource/Projects/iOS/ChilliSource.xcodeproj; sourceTree = "<group>"; };
		81C701091C89EF9A00D306F9 /* AppResources */ = {isa = PBXFileReference; lastKnownFileType = folder; name = AppResources; path = XcodeBuiltAssets/AppResources; sourceTree = "<group>"; };
		81C7010A1C89EF9A00D306F9 /* CSResources */ = {isa = PBXFileReference; lastKnownFileType = folder; name = CSResources; path = XcodeBuiltAssets/CSResources; sourceTree = "<group>"; };
		81C7FFE41C89E86400D306F9 /* CSTest.app */ = {isa = PBXFileReference; explicitFileType = wrapper.application; includeInIndex = 0; path = CSTest.app; sourceTree = BUILT_PRODUCTS_DIR; };
		81CF6EA91C8F1378000DDF92 /* WebViewCloseButton.png */ = {isa = PBXFileReference; lastKnownFileType = image.png; path = WebViewCloseButton.png; sourceTree = "<group>"; };
		81CF706E1C8F363C000DDF92 /* App.cpp */ = {isa = PBXFileReference; fileEncoding = 4; lastKnownFileType = sourcecode.cpp.cpp; path = App.cpp; sourceTree = "<group>"; };
		81CF706F1C8F363C000DDF92 /* App.h */ = {isa = PBXFileReference; fileEncoding = 4; lastKnownFileType = sourcecode.c.h; path = App.h; sourceTree = "<group>"; };
		81CF70721C8F363C000DDF92 /* FollowerComponent.cpp */ = {isa = PBXFileReference; fileEncoding = 4; lastKnownFileType = sourcecode.cpp.cpp; path = FollowerComponent.cpp; sourceTree = "<group>"; };
		81CF70731C8F363C000DDF92 /* FollowerComponent.h */ = {isa = PBXFileReference; fileEncoding = 4; lastKnownFileType = sourcecode.c.h; path = FollowerComponent.h; sourceTree = "<group>"; };
		81CF70741C8F363C000DDF92 /* OrbiterComponent.cpp */ = {isa = PBXFileReference; fileEncoding = 4; lastKnownFileType = sourcecode.cpp.cpp; path = OrbiterComponent.cpp; sourceTree = "<group>"; };
		81CF70751C8F363C000DDF92 /* OrbiterComponent.h */ = {isa = PBXFileReference; fileEncoding = 4; lastKnownFileType = sourcecode.c.h; path = OrbiterComponent.h; sourceTree = "<group>"; };
		81CF70771C8F363C000DDF92 /* Approx.cpp */ = {isa = PBXFileReference; fileEncoding = 4; lastKnownFileType = sourcecode.cpp.cpp; path = Approx.cpp; sourceTree = "<group>"; };
		81CF70781C8F363C000DDF92 /* Approx.h */ = {isa = PBXFileReference; fileEncoding = 4; lastKnownFileType = sourcecode.c.h; path = Approx.h; sourceTree = "<group>"; };
		81CF70791C8F363C000DDF92 /* BasicEntityFactory.cpp */ = {isa = PBXFileReference; fileEncoding = 4; lastKnownFileType = sourcecode.cpp.cpp; path = BasicEntityFactory.cpp; sourceTree = "<group>"; };
		81CF707A1C8F363C000DDF92 /* BasicEntityFactory.h */ = {isa = PBXFileReference; fileEncoding = 4; lastKnownFileType = sourcecode.c.h; path = BasicEntityFactory.h; sourceTree = "<group>"; };
		81CF707B1C8F363C000DDF92 /* ResultPresenter.cpp */ = {isa = PBXFileReference; fileEncoding = 4; lastKnownFileType = sourcecode.cpp.cpp; path = ResultPresenter.cpp; sourceTree = "<group>"; };
		81CF707C1C8F363C000DDF92 /* ResultPresenter.h */ = {isa = PBXFileReference; fileEncoding = 4; lastKnownFileType = sourcecode.c.h; path = ResultPresenter.h; sourceTree = "<group>"; };
		81CF707D1C8F363C000DDF92 /* SmokeTester.cpp */ = {isa = PBXFileReference; fileEncoding = 4; lastKnownFileType = sourcecode.cpp.cpp; path = SmokeTester.cpp; sourceTree = "<group>"; };
		81CF707E1C8F363C000DDF92 /* SmokeTester.h */ = {isa = PBXFileReference; fileEncoding = 4; lastKnownFileType = sourcecode.c.h; path = SmokeTester.h; sourceTree = "<group>"; };
		81CF707F1C8F363C000DDF92 /* SmokeTestSet.cpp */ = {isa = PBXFileReference; fileEncoding = 4; lastKnownFileType = sourcecode.cpp.cpp; path = SmokeTestSet.cpp; sourceTree = "<group>"; };
		81CF70801C8F363C000DDF92 /* SmokeTestSet.h */ = {isa = PBXFileReference; fileEncoding = 4; lastKnownFileType = sourcecode.c.h; path = SmokeTestSet.h; sourceTree = "<group>"; };
		81CF70811C8F363C000DDF92 /* StateNavigator.h */ = {isa = PBXFileReference; fileEncoding = 4; lastKnownFileType = sourcecode.c.h; path = StateNavigator.h; sourceTree = "<group>"; };
		81CF70821C8F363C000DDF92 /* StateNavigatorImpl.h */ = {isa = PBXFileReference; fileEncoding = 4; lastKnownFileType = sourcecode.c.h; path = StateNavigatorImpl.h; sourceTree = "<group>"; };
		81CF70841C8F363C000DDF92 /* BasicWidgetFactory.cpp */ = {isa = PBXFileReference; fileEncoding = 4; lastKnownFileType = sourcecode.cpp.cpp; path = BasicWidgetFactory.cpp; sourceTree = "<group>"; };
		81CF70851C8F363C000DDF92 /* BasicWidgetFactory.h */ = {isa = PBXFileReference; fileEncoding = 4; lastKnownFileType = sourcecode.c.h; path = BasicWidgetFactory.h; sourceTree = "<group>"; };
		81CF70861C8F363C000DDF92 /* CSTest.h */ = {isa = PBXFileReference; fileEncoding = 4; lastKnownFileType = sourcecode.c.h; path = CSTest.h; sourceTree = "<group>"; };
		81CF70881C8F363C000DDF92 /* EventInfo.cpp */ = {isa = PBXFileReference; fileEncoding = 4; lastKnownFileType = sourcecode.cpp.cpp; path = EventInfo.cpp; sourceTree = "<group>"; };
		81CF70891C8F363C000DDF92 /* EventInfo.h */ = {isa = PBXFileReference; fileEncoding = 4; lastKnownFileType = sourcecode.c.h; path = EventInfo.h; sourceTree = "<group>"; };
		81CF708A1C8F363C000DDF92 /* GesturePresenter.cpp */ = {isa = PBXFileReference; fileEncoding = 4; lastKnownFileType = sourcecode.cpp.cpp; path = GesturePresenter.cpp; sourceTree = "<group>"; };
		81CF708B1C8F363C000DDF92 /* GesturePresenter.h */ = {isa = PBXFileReference; fileEncoding = 4; lastKnownFileType = sourcecode.c.h; path = GesturePresenter.h; sourceTree = "<group>"; };
		81CF708C1C8F363C000DDF92 /* State.cpp */ = {isa = PBXFileReference; fileEncoding = 4; lastKnownFileType = sourcecode.cpp.cpp; path = State.cpp; sourceTree = "<group>"; };
		81CF708D1C8F363C000DDF92 /* State.h */ = {isa = PBXFileReference; fileEncoding = 4; lastKnownFileType = sourcecode.c.h; path = State.h; sourceTree = "<group>"; };
		81CF708F1C8F363C000DDF92 /* DownloadProgressTestSystem.cpp */ = {isa = PBXFileReference; fileEncoding = 4; lastKnownFileType = sourcecode.cpp.cpp; path = DownloadProgressTestSystem.cpp; sourceTree = "<group>"; };
		81CF70901C8F363C000DDF92 /* DownloadProgressTestSystem.h */ = {isa = PBXFileReference; fileEncoding = 4; lastKnownFileType = sourcecode.c.h; path = DownloadProgressTestSystem.h; sourceTree = "<group>"; };
		81CF70911C8F363C000DDF92 /* State.cpp */ = {isa = PBXFileReference; fileEncoding = 4; lastKnownFileType = sourcecode.cpp.cpp; path = State.cpp; sourceTree = "<group>"; };
		81CF70921C8F363C000DDF92 /* State.h */ = {isa = PBXFileReference; fileEncoding = 4; lastKnownFileType = sourcecode.c.h; path = State.h; sourceTree = "<group>"; };
		81CF70A91C8F363C000DDF92 /* State.cpp */ = {isa = PBXFileReference; fileEncoding = 4; lastKnownFileType = sourcecode.cpp.cpp; path = State.cpp; sourceTree = "<group>"; };
		81CF70AA1C8F363C000DDF92 /* State.h */ = {isa = PBXFileReference; fileEncoding = 4; lastKnownFileType = sourcecode.c.h; path = State.h; sourceTree = "<group>"; };
		81CF70AC1C8F363C000DDF92 /* State.cpp */ = {isa = PBXFileReference; fileEncoding = 4; lastKnownFileType = sourcecode.cpp.cpp; path = State.cpp; sourceTree = "<group>"; };
		81CF70AD1C8F363C000DDF92 /* State.h */ = {isa = PBXFileReference; fileEncoding = 4; lastKnownFileType = sourcecode.c.h; path = State.h; sourceTree = "<group>"; };
		81CF70CA1C8F3850000DDF92 /* State.cpp */ = {isa = PBXFileReference; fileEncoding = 4; lastKnownFileType = sourcecode.cpp.cpp; path = State.cpp; sourceTree = "<group>"; };
		81CF70CB1C8F3850000DDF92 /* State.h */ = {isa = PBXFileReference; fileEncoding = 4; lastKnownFileType = sourcecode.c.h; path = State.h; sourceTree = "<group>"; };
		81E64C0F1C996CC300579AB3 /* TestDesc.cpp */ = {isa = PBXFileReference; fileEncoding = 4; lastKnownFileType = sourcecode.cpp.cpp; path = TestDesc.cpp; sourceTree = "<group>"; };
		81E64C101C996CC300579AB3 /* TestDesc.h */ = {isa = PBXFileReference; fileEncoding = 4; lastKnownFileType = sourcecode.c.h; path = TestDesc.h; sourceTree = "<group>"; };
/* End PBXFileReference section */

/* Begin PBXFrameworksBuildPhase section */
		81C7FFE11C89E86400D306F9 /* Frameworks */ = {
			isa = PBXFrameworksBuildPhase;
			buildActionMask = 2147483647;
			files = (
				81C700571C89EDA200D306F9 /* libChilliSource.a in Frameworks */,
				81C700321C89ECA400D306F9 /* Accounts.framework in Frameworks */,
				81C700331C89ECA400D306F9 /* AddressBook.framework in Frameworks */,
				81C700341C89ECA400D306F9 /* AddressBookUI.framework in Frameworks */,
				81C700351C89ECA400D306F9 /* AdSupport.framework in Frameworks */,
				81C700361C89ECA400D306F9 /* AudioToolbox.framework in Frameworks */,
				81C700371C89ECA400D306F9 /* AVFoundation.framework in Frameworks */,
				81C700381C89ECA400D306F9 /* CFNetwork.framework in Frameworks */,
				81C700391C89ECA400D306F9 /* CoreAudio.framework in Frameworks */,
				81C7003A1C89ECA400D306F9 /* CoreGraphics.framework in Frameworks */,
				81C7003B1C89ECA400D306F9 /* CoreLocation.framework in Frameworks */,
				81C7003C1C89ECA400D306F9 /* CoreMedia.framework in Frameworks */,
				81C7003D1C89ECA400D306F9 /* CoreMotion.framework in Frameworks */,
				81C7003E1C89ECA400D306F9 /* CoreTelephony.framework in Frameworks */,
				81C7003F1C89ECA400D306F9 /* Foundation.framework in Frameworks */,
				81C700401C89ECA400D306F9 /* GLKit.framework in Frameworks */,
				81C700411C89ECA400D306F9 /* libsqlite3.0.tbd in Frameworks */,
				81C700421C89ECA400D306F9 /* libz.1.2.5.tbd in Frameworks */,
				81C700431C89ECA400D306F9 /* libz.tbd in Frameworks */,
				81C700441C89ECA400D306F9 /* MapKit.framework in Frameworks */,
				81C700451C89ECA400D306F9 /* MediaPlayer.framework in Frameworks */,
				81C700461C89ECA400D306F9 /* MessageUI.framework in Frameworks */,
				81C700471C89ECA400D306F9 /* MobileCoreServices.framework in Frameworks */,
				81C700481C89ECA400D306F9 /* OpenGLES.framework in Frameworks */,
				81C700491C89ECA400D306F9 /* QuartzCore.framework in Frameworks */,
				81C7004A1C89ECA400D306F9 /* Security.framework in Frameworks */,
				81C7004B1C89ECA400D306F9 /* Social.framework in Frameworks */,
				81C7004C1C89ECA400D306F9 /* StoreKit.framework in Frameworks */,
				81C7004D1C89ECA400D306F9 /* SystemConfiguration.framework in Frameworks */,
				81C7004E1C89ECA400D306F9 /* UIKit.framework in Frameworks */,
			);
			runOnlyForDeploymentPostprocessing = 0;
		};
/* End PBXFrameworksBuildPhase section */

/* Begin PBXGroup section */
		814192861C97099B0056F280 /* Particle */ = {
			isa = PBXGroup;
			children = (
				814192871C97099B0056F280 /* State.cpp */,
				814192881C97099B0056F280 /* State.h */,
			);
			path = Particle;
			sourceTree = "<group>";
		};
		81BF96AE1C984DE400E51E18 /* UnitTest */ = {
			isa = PBXGroup;
			children = (
				81BF96AF1C984DE400E51E18 /* State.cpp */,
				81BF96B01C984DE400E51E18 /* State.h */,
				81BF96B11C984DE400E51E18 /* Tests */,
				81BF96B61C984DE400E51E18 /* TestSystem */,
			);
			path = UnitTest;
			sourceTree = "<group>";
		};
		81BF96B11C984DE400E51E18 /* Tests */ = {
			isa = PBXGroup;
			children = (
				81BF96B21C984DE400E51E18 /* FileSystem.cpp */,
				81BF96B31C984DE400E51E18 /* Vector2.cpp */,
				81BF96B41C984DE400E51E18 /* Vector3.cpp */,
				81BF96B51C984DE400E51E18 /* Vector4.cpp */,
			);
			path = Tests;
			sourceTree = "<group>";
		};
		81BF96B61C984DE400E51E18 /* TestSystem */ = {
			isa = PBXGroup;
			children = (
				81BF96B71C984DE400E51E18 /* CSReporter.cpp */,
				81BF96B81C984DE400E51E18 /* CSReporter.h */,
				81BF96B91C984DE400E51E18 /* FailedAssertion.cpp */,
				81BF96BA1C984DE400E51E18 /* FailedAssertion.h */,
				81BF96BB1C984DE400E51E18 /* Report.cpp */,
				81BF96BC1C984DE400E51E18 /* Report.h */,
				81BF96BD1C984DE400E51E18 /* ReportPresenter.cpp */,
				81BF96BE1C984DE400E51E18 /* ReportPresenter.h */,
				81BF96BF1C984DE400E51E18 /* TestCase.cpp */,
				81BF96C01C984DE400E51E18 /* TestCase.h */,
				81BF96C11C984DE400E51E18 /* TestSystem.cpp */,
				81BF96C21C984DE400E51E18 /* TestSystem.h */,
			);
			path = TestSystem;
			sourceTree = "<group>";
		};
		81BF96CE1C984F6700E51E18 /* IntegrationTest */ = {
			isa = PBXGroup;
			children = (
				81BF96CF1C984F6700E51E18 /* State.cpp */,
				81BF96D01C984F6700E51E18 /* State.h */,
				81BF96D11C984F6700E51E18 /* Tests */,
				81BF96D21C984F6700E51E18 /* TestSystem */,
			);
			path = IntegrationTest;
			sourceTree = "<group>";
		};
		81BF96D11C984F6700E51E18 /* Tests */ = {
			isa = PBXGroup;
			children = (
			);
			path = Tests;
			sourceTree = "<group>";
		};
		81BF96D21C984F6700E51E18 /* TestSystem */ = {
			isa = PBXGroup;
			children = (
				81BF96D41C984F6700E51E18 /* AutoRegister.h */,
				81BF96D51C984F6700E51E18 /* Test.cpp */,
				81BF96D61C984F6700E51E18 /* Test.h */,
				81BF96E01C98606300E51E18 /* TestCase.h */,
				81E64C0F1C996CC300579AB3 /* TestDesc.cpp */,
				81E64C101C996CC300579AB3 /* TestDesc.h */,
				81BF96D71C984F6700E51E18 /* Tester.cpp */,
				81BF96D81C984F6700E51E18 /* Tester.h */,
				81BF96DD1C98546C00E51E18 /* TestRegistry.cpp */,
				81BF96DE1C98546C00E51E18 /* TestRegistry.h */,
			);
			path = TestSystem;
			sourceTree = "<group>";
		};
		81C700021C89E9F300D306F9 /* ProjectResources */ = {
			isa = PBXGroup;
			children = (
				81CF6EA91C8F1378000DDF92 /* WebViewCloseButton.png */,
				81778F9B1C8D9D18008EEAFD /* Images.xcassets */,
				81C700041C89E9F300D306F9 /* LaunchScreen.storyboard */,
				81C700081C89E9F300D306F9 /* Info.plist */,
			);
			path = ProjectResources;
			sourceTree = "<group>";
		};
		81C700141C89EBEA00D306F9 /* Frameworks */ = {
			isa = PBXGroup;
			children = (
				81C700151C89ECA400D306F9 /* Accounts.framework */,
				81C700161C89ECA400D306F9 /* AddressBook.framework */,
				81C700171C89ECA400D306F9 /* AddressBookUI.framework */,
				81C700181C89ECA400D306F9 /* AdSupport.framework */,
				81C700191C89ECA400D306F9 /* AudioToolbox.framework */,
				81C7001A1C89ECA400D306F9 /* AVFoundation.framework */,
				81C7001B1C89ECA400D306F9 /* CFNetwork.framework */,
				81C7001C1C89ECA400D306F9 /* CoreAudio.framework */,
				81C7001D1C89ECA400D306F9 /* CoreGraphics.framework */,
				81C7001E1C89ECA400D306F9 /* CoreLocation.framework */,
				81C7001F1C89ECA400D306F9 /* CoreMedia.framework */,
				81C700201C89ECA400D306F9 /* CoreMotion.framework */,
				81C700211C89ECA400D306F9 /* CoreTelephony.framework */,
				81C700221C89ECA400D306F9 /* Foundation.framework */,
				81C700231C89ECA400D306F9 /* GLKit.framework */,
				81C700241C89ECA400D306F9 /* libsqlite3.0.tbd */,
				81C700251C89ECA400D306F9 /* libz.1.2.5.tbd */,
				81C700261C89ECA400D306F9 /* libz.tbd */,
				81C700271C89ECA400D306F9 /* MapKit.framework */,
				81C700281C89ECA400D306F9 /* MediaPlayer.framework */,
				81C700291C89ECA400D306F9 /* MessageUI.framework */,
				81C7002A1C89ECA400D306F9 /* MobileCoreServices.framework */,
				81C7002B1C89ECA400D306F9 /* OpenGLES.framework */,
				81C7002C1C89ECA400D306F9 /* QuartzCore.framework */,
				81C7002D1C89ECA400D306F9 /* Security.framework */,
				81C7002E1C89ECA400D306F9 /* Social.framework */,
				81C7002F1C89ECA400D306F9 /* StoreKit.framework */,
				81C700301C89ECA400D306F9 /* SystemConfiguration.framework */,
				81C700311C89ECA400D306F9 /* UIKit.framework */,
			);
			name = Frameworks;
			sourceTree = "<group>";
		};
		81C700501C89ECB600D306F9 /* Products */ = {
			isa = PBXGroup;
			children = (
				81C700541C89ECB600D306F9 /* libChilliSource.a */,
			);
			name = Products;
			sourceTree = "<group>";
		};
		81C700AF1C89EF5300D306F9 /* BuiltResources */ = {
			isa = PBXGroup;
			children = (
				81C701091C89EF9A00D306F9 /* AppResources */,
				81C7010A1C89EF9A00D306F9 /* CSResources */,
				81C700021C89E9F300D306F9 /* ProjectResources */,
			);
			name = BuiltResources;
			sourceTree = "<group>";
		};
		81C7FFDB1C89E86400D306F9 = {
			isa = PBXGroup;
			children = (
				81CF706D1C8F363B000DDF92 /* AppSource */,
				81C700AF1C89EF5300D306F9 /* BuiltResources */,
				81C7004F1C89ECB600D306F9 /* ChilliSource.xcodeproj */,
				81C700141C89EBEA00D306F9 /* Frameworks */,
				81C7FFE51C89E86400D306F9 /* Products */,
			);
			sourceTree = "<group>";
		};
		81C7FFE51C89E86400D306F9 /* Products */ = {
			isa = PBXGroup;
			children = (
				81C7FFE41C89E86400D306F9 /* CSTest.app */,
			);
			name = Products;
			sourceTree = "<group>";
		};
		81CF706D1C8F363B000DDF92 /* AppSource */ = {
			isa = PBXGroup;
			children = (
				81CF706E1C8F363C000DDF92 /* App.cpp */,
				81CF706F1C8F363C000DDF92 /* App.h */,
				81CF70701C8F363C000DDF92 /* Common */,
				81CF70861C8F363C000DDF92 /* CSTest.h */,
				81CF70C91C8F3850000DDF92 /* EmailComposer */,
				81CF70871C8F363C000DDF92 /* Gesture */,
				81CF708E1C8F363C000DDF92 /* HTTPRequest */,
				81BF96CE1C984F6700E51E18 /* IntegrationTest */,
				81CF70A81C8F363C000DDF92 /* Lighting */,
				814192861C97099B0056F280 /* Particle */,
				81BF96AE1C984DE400E51E18 /* UnitTest */,
				81CF70AB1C8F363C000DDF92 /* WebView */,
			);
			name = AppSource;
			path = ../../AppSource;
			sourceTree = "<group>";
		};
		81CF70701C8F363C000DDF92 /* Common */ = {
			isa = PBXGroup;
			children = (
				81CF70711C8F363C000DDF92 /* Behaviour */,
				81CF70761C8F363C000DDF92 /* Core */,
				81CF70831C8F363C000DDF92 /* UI */,
			);
			path = Common;
			sourceTree = "<group>";
		};
		81CF70711C8F363C000DDF92 /* Behaviour */ = {
			isa = PBXGroup;
			children = (
				81CF70721C8F363C000DDF92 /* FollowerComponent.cpp */,
				81CF70731C8F363C000DDF92 /* FollowerComponent.h */,
				81CF70741C8F363C000DDF92 /* OrbiterComponent.cpp */,
				81CF70751C8F363C000DDF92 /* OrbiterComponent.h */,
			);
			path = Behaviour;
			sourceTree = "<group>";
		};
		81CF70761C8F363C000DDF92 /* Core */ = {
			isa = PBXGroup;
			children = (
				81CF70771C8F363C000DDF92 /* Approx.cpp */,
				81CF70781C8F363C000DDF92 /* Approx.h */,
				81CF70791C8F363C000DDF92 /* BasicEntityFactory.cpp */,
				81CF707A1C8F363C000DDF92 /* BasicEntityFactory.h */,
				81CF707B1C8F363C000DDF92 /* ResultPresenter.cpp */,
				81CF707C1C8F363C000DDF92 /* ResultPresenter.h */,
				81CF707D1C8F363C000DDF92 /* SmokeTester.cpp */,
				81CF707E1C8F363C000DDF92 /* SmokeTester.h */,
				81CF707F1C8F363C000DDF92 /* SmokeTestSet.cpp */,
				81CF70801C8F363C000DDF92 /* SmokeTestSet.h */,
				81CF70811C8F363C000DDF92 /* StateNavigator.h */,
				81CF70821C8F363C000DDF92 /* StateNavigatorImpl.h */,
			);
			path = Core;
			sourceTree = "<group>";
		};
		81CF70831C8F363C000DDF92 /* UI */ = {
			isa = PBXGroup;
			children = (
				81CF70841C8F363C000DDF92 /* BasicWidgetFactory.cpp */,
				81CF70851C8F363C000DDF92 /* BasicWidgetFactory.h */,
			);
			path = UI;
			sourceTree = "<group>";
		};
		81CF70871C8F363C000DDF92 /* Gesture */ = {
			isa = PBXGroup;
			children = (
				81CF70881C8F363C000DDF92 /* EventInfo.cpp */,
				81CF70891C8F363C000DDF92 /* EventInfo.h */,
				81CF708A1C8F363C000DDF92 /* GesturePresenter.cpp */,
				81CF708B1C8F363C000DDF92 /* GesturePresenter.h */,
				81CF708C1C8F363C000DDF92 /* State.cpp */,
				81CF708D1C8F363C000DDF92 /* State.h */,
			);
			path = Gesture;
			sourceTree = "<group>";
		};
		81CF708E1C8F363C000DDF92 /* HTTPRequest */ = {
			isa = PBXGroup;
			children = (
				81CF708F1C8F363C000DDF92 /* DownloadProgressTestSystem.cpp */,
				81CF70901C8F363C000DDF92 /* DownloadProgressTestSystem.h */,
				81CF70911C8F363C000DDF92 /* State.cpp */,
				81CF70921C8F363C000DDF92 /* State.h */,
			);
			path = HTTPRequest;
			sourceTree = "<group>";
		};
		81CF70A81C8F363C000DDF92 /* Lighting */ = {
			isa = PBXGroup;
			children = (
				81CF70A91C8F363C000DDF92 /* State.cpp */,
				81CF70AA1C8F363C000DDF92 /* State.h */,
			);
			path = Lighting;
			sourceTree = "<group>";
		};
		81CF70AB1C8F363C000DDF92 /* WebView */ = {
			isa = PBXGroup;
			children = (
				81CF70AC1C8F363C000DDF92 /* State.cpp */,
				81CF70AD1C8F363C000DDF92 /* State.h */,
			);
			path = WebView;
			sourceTree = "<group>";
		};
		81CF70C91C8F3850000DDF92 /* EmailComposer */ = {
			isa = PBXGroup;
			children = (
				81CF70CA1C8F3850000DDF92 /* State.cpp */,
				81CF70CB1C8F3850000DDF92 /* State.h */,
			);
			path = EmailComposer;
			sourceTree = "<group>";
		};
/* End PBXGroup section */

/* Begin PBXNativeTarget section */
		81C7FFE31C89E86400D306F9 /* CSTest */ = {
			isa = PBXNativeTarget;
			buildConfigurationList = 81C7FFFF1C89E86400D306F9 /* Build configuration list for PBXNativeTarget "CSTest" */;
			buildPhases = (
				81C700561C89ED2600D306F9 /* Build Resources Script */,
				81C7FFE01C89E86400D306F9 /* Sources */,
				81C7FFE11C89E86400D306F9 /* Frameworks */,
				81C7FFE21C89E86400D306F9 /* Resources */,
			);
			buildRules = (
			);
			dependencies = (
			);
			name = CSTest;
			productName = CSTest;
			productReference = 81C7FFE41C89E86400D306F9 /* CSTest.app */;
			productType = "com.apple.product-type.application";
		};
/* End PBXNativeTarget section */

/* Begin PBXProject section */
		81C7FFDC1C89E86400D306F9 /* Project object */ = {
			isa = PBXProject;
			attributes = {
				LastUpgradeCheck = 0720;
				ORGANIZATIONNAME = Company;
				TargetAttributes = {
					81C7FFE31C89E86400D306F9 = {
						CreatedOnToolsVersion = 7.2.1;
					};
				};
			};
			buildConfigurationList = 81C7FFDF1C89E86400D306F9 /* Build configuration list for PBXProject "CSTest" */;
			compatibilityVersion = "Xcode 3.2";
			developmentRegion = English;
			hasScannedForEncodings = 0;
			knownRegions = (
				en,
				Base,
			);
			mainGroup = 81C7FFDB1C89E86400D306F9;
			productRefGroup = 81C7FFE51C89E86400D306F9 /* Products */;
			projectDirPath = "";
			projectReferences = (
				{
					ProductGroup = 81C700501C89ECB600D306F9 /* Products */;
					ProjectRef = 81C7004F1C89ECB600D306F9 /* ChilliSource.xcodeproj */;
				},
			);
			projectRoot = "";
			targets = (
				81C7FFE31C89E86400D306F9 /* CSTest */,
			);
		};
/* End PBXProject section */

/* Begin PBXReferenceProxy section */
		81C700541C89ECB600D306F9 /* libChilliSource.a */ = {
			isa = PBXReferenceProxy;
			fileType = archive.ar;
			path = libChilliSource.a;
			remoteRef = 81C700531C89ECB600D306F9 /* PBXContainerItemProxy */;
			sourceTree = BUILT_PRODUCTS_DIR;
		};
/* End PBXReferenceProxy section */

/* Begin PBXResourcesBuildPhase section */
		81C7FFE21C89E86400D306F9 /* Resources */ = {
			isa = PBXResourcesBuildPhase;
			buildActionMask = 2147483647;
			files = (
				81C7010B1C89EF9A00D306F9 /* AppResources in Resources */,
				81CF6EAA1C8F1378000DDF92 /* WebViewCloseButton.png in Resources */,
				81778F9C1C8D9D18008EEAFD /* Images.xcassets in Resources */,
				81C7010C1C89EF9A00D306F9 /* CSResources in Resources */,
				81C7000A1C89E9F300D306F9 /* LaunchScreen.storyboard in Resources */,
			);
			runOnlyForDeploymentPostprocessing = 0;
		};
/* End PBXResourcesBuildPhase section */

/* Begin PBXShellScriptBuildPhase section */
		81C700561C89ED2600D306F9 /* Build Resources Script */ = {
			isa = PBXShellScriptBuildPhase;
			buildActionMask = 2147483647;
			files = (
			);
			inputPaths = (
			);
			name = "Build Resources Script";
			outputPaths = (
			);
			runOnlyForDeploymentPostprocessing = 0;
			shellPath = /bin/sh;
			shellScript = "python $PROJECT_DIR/../../ChilliSource/Tools/Scripts/copy_ios_resources.py $PROJECT_DIR\n\nASSETS_DIR=\"$PROJECT_DIR/XCodeBuiltAssets\"\necho \"Touching assets in $ASSETS_DIR to force rebundling\"\ntouch \"$ASSETS_DIR\"\nfind $ASSETS_DIR -type d -exec touch \"{}\" \\+\n\nPROJ_ASSETS_DIR=\"$PROJECT_DIR/ProjectResources\"\necho \"Touching assets in $PROJ_ASSETS_DIR to force rebundling\"\ntouch \"$PROJ_ASSETS_DIR\"\nfind $PROJ_ASSETS_DIR -type d -exec touch \"{}\" \\+";
		};
/* End PBXShellScriptBuildPhase section */

/* Begin PBXSourcesBuildPhase section */
		81C7FFE01C89E86400D306F9 /* Sources */ = {
			isa = PBXSourcesBuildPhase;
			buildActionMask = 2147483647;
			files = (
				81BF96C81C984DE400E51E18 /* CSReporter.cpp in Sources */,
				81BF96CA1C984DE400E51E18 /* Report.cpp in Sources */,
				81BF96C61C984DE400E51E18 /* Vector3.cpp in Sources */,
				81CF70B01C8F363C000DDF92 /* OrbiterComponent.cpp in Sources */,
				81BF96C51C984DE400E51E18 /* Vector2.cpp in Sources */,
				81BF96C91C984DE400E51E18 /* FailedAssertion.cpp in Sources */,
				81CF70B41C8F363C000DDF92 /* SmokeTester.cpp in Sources */,
				81CF70B11C8F363C000DDF92 /* Approx.cpp in Sources */,
				81CF70C81C8F363C000DDF92 /* State.cpp in Sources */,
				81BF96C71C984DE400E51E18 /* Vector4.cpp in Sources */,
				81CF70CC1C8F3850000DDF92 /* State.cpp in Sources */,
				81CF70B81C8F363C000DDF92 /* GesturePresenter.cpp in Sources */,
				814192891C97099B0056F280 /* State.cpp in Sources */,
				81BF96CC1C984DE400E51E18 /* TestCase.cpp in Sources */,
				81E64C111C996CC300579AB3 /* TestDesc.cpp in Sources */,
				81CF70B21C8F363C000DDF92 /* BasicEntityFactory.cpp in Sources */,
				81BF96CB1C984DE400E51E18 /* ReportPresenter.cpp in Sources */,
				81BF96DC1C984F6700E51E18 /* Tester.cpp in Sources */,
				81CF70BA1C8F363C000DDF92 /* DownloadProgressTestSystem.cpp in Sources */,
				81BF96D91C984F6700E51E18 /* State.cpp in Sources */,
				81CF70B51C8F363C000DDF92 /* SmokeTestSet.cpp in Sources */,
				81CF70AE1C8F363C000DDF92 /* App.cpp in Sources */,
				81CF70B71C8F363C000DDF92 /* EventInfo.cpp in Sources */,
				81CF70AF1C8F363C000DDF92 /* FollowerComponent.cpp in Sources */,
				81BF96CD1C984DE400E51E18 /* TestSystem.cpp in Sources */,
				81CF70C71C8F363C000DDF92 /* State.cpp in Sources */,
				81BF96DF1C98546C00E51E18 /* TestRegistry.cpp in Sources */,
				81BF96DB1C984F6700E51E18 /* Test.cpp in Sources */,
				81BF96C31C984DE400E51E18 /* State.cpp in Sources */,
				81CF70B61C8F363C000DDF92 /* BasicWidgetFactory.cpp in Sources */,
				81BF96C41C984DE400E51E18 /* FileSystem.cpp in Sources */,
				81CF70BB1C8F363C000DDF92 /* State.cpp in Sources */,
				81CF70B31C8F363C000DDF92 /* ResultPresenter.cpp in Sources */,
				81CF70B91C8F363C000DDF92 /* State.cpp in Sources */,
			);
			runOnlyForDeploymentPostprocessing = 0;
		};
/* End PBXSourcesBuildPhase section */

/* Begin PBXVariantGroup section */
		81C700041C89E9F300D306F9 /* LaunchScreen.storyboard */ = {
			isa = PBXVariantGroup;
			children = (
				81C700051C89E9F300D306F9 /* Base */,
			);
			name = LaunchScreen.storyboard;
			sourceTree = "<group>";
		};
/* End PBXVariantGroup section */

/* Begin XCBuildConfiguration section */
		81C700001C89E86400D306F9 /* Debug */ = {
			isa = XCBuildConfiguration;
			buildSettings = {
				ASSETCATALOG_COMPILER_APPICON_NAME = AppIcon;
				ASSETCATALOG_COMPILER_LAUNCHIMAGE_NAME = LegacyLaunchImages;
				GCC_INLINES_ARE_PRIVATE_EXTERN = NO;
				INFOPLIST_FILE = "$(SRCROOT)/ProjectResources/Info.plist";
				LD_RUNPATH_SEARCH_PATHS = "$(inherited) @executable_path/Frameworks";
				PRODUCT_BUNDLE_IDENTIFIER = com.taggames.cstest;
				PRODUCT_NAME = "$(TARGET_NAME)";
				TARGETED_DEVICE_FAMILY = "1,2";
			};
			name = Debug;
		};
		81C700011C89E86400D306F9 /* Release */ = {
			isa = XCBuildConfiguration;
			buildSettings = {
				ASSETCATALOG_COMPILER_APPICON_NAME = AppIcon;
				ASSETCATALOG_COMPILER_LAUNCHIMAGE_NAME = LegacyLaunchImages;
				GCC_INLINES_ARE_PRIVATE_EXTERN = NO;
				INFOPLIST_FILE = "$(SRCROOT)/ProjectResources/Info.plist";
				LD_RUNPATH_SEARCH_PATHS = "$(inherited) @executable_path/Frameworks";
				PRODUCT_BUNDLE_IDENTIFIER = com.taggames.cstest;
				PRODUCT_NAME = "$(TARGET_NAME)";
				TARGETED_DEVICE_FAMILY = "1,2";
			};
			name = Release;
		};
		81C7FFFD1C89E86400D306F9 /* Debug */ = {
			isa = XCBuildConfiguration;
			buildSettings = {
				ALWAYS_SEARCH_USER_PATHS = NO;
				CLANG_CXX_LANGUAGE_STANDARD = "gnu++0x";
				CLANG_CXX_LIBRARY = "libc++";
				CLANG_ENABLE_MODULES = YES;
				CLANG_ENABLE_OBJC_ARC = NO;
				CLANG_WARN_BOOL_CONVERSION = YES;
				CLANG_WARN_CONSTANT_CONVERSION = YES;
				CLANG_WARN_DIRECT_OBJC_ISA_USAGE = YES_ERROR;
				CLANG_WARN_EMPTY_BODY = YES;
				CLANG_WARN_ENUM_CONVERSION = YES;
				CLANG_WARN_INT_CONVERSION = YES;
				CLANG_WARN_OBJC_ROOT_CLASS = YES_ERROR;
				CLANG_WARN_UNREACHABLE_CODE = YES;
				CLANG_WARN__DUPLICATE_METHOD_MATCH = YES;
				"CODE_SIGN_IDENTITY[sdk=iphoneos*]" = "iPhone Developer";
				COPY_PHASE_STRIP = NO;
				DEBUG_INFORMATION_FORMAT = "dwarf-with-dsym";
				ENABLE_STRICT_OBJC_MSGSEND = YES;
				ENABLE_TESTABILITY = YES;
				FRAMEWORK_SEARCH_PATHS = (
					"$(inherited)",
					"$(PROJECT_DIR)/../../ChilliSource/Libraries/Core/iOS/Libs",
				);
				GCC_C_LANGUAGE_STANDARD = gnu99;
				GCC_DYNAMIC_NO_PIC = NO;
				GCC_INPUT_FILETYPE = sourcecode.cpp.objcpp;
				GCC_NO_COMMON_BLOCKS = YES;
				GCC_OPTIMIZATION_LEVEL = 0;
				GCC_PREPROCESSOR_DEFINITIONS = (
					"DEBUG=1",
					CATCH_CONFIG_COLOUR_NONE,
					CS_TARGETPLATFORM_IOS,
					CS_ENABLE_DEBUG,
					CS_LOGLEVEL_VERBOSE,
					"$(inherited)",
				);
				GCC_WARN_64_TO_32_BIT_CONVERSION = YES;
				GCC_WARN_ABOUT_RETURN_TYPE = YES_ERROR;
				GCC_WARN_UNDECLARED_SELECTOR = YES;
				GCC_WARN_UNINITIALIZED_AUTOS = YES_AGGRESSIVE;
				GCC_WARN_UNUSED_FUNCTION = YES;
				GCC_WARN_UNUSED_VARIABLE = YES;
				HEADER_SEARCH_PATHS = (
					"$(SRCROOT)/../../AppSource",
					"$(SRCROOT)/../../ChilliSource/Source",
					"$(SRCROOT)/../../ChilliSource/Libraries/Core/iOS/Headers",
					"$(SRCROOT)/../../ChilliSource/Libraries/CricketAudio/iOS/Headers",
					"$(SRCROOT)/../../Libraries/Catch/include",
				);
				IPHONEOS_DEPLOYMENT_TARGET = 6.0;
				LIBRARY_SEARCH_PATHS = (
					"$(PROJECT_DIR)/../../ChilliSource/Libraries/Core/iOS/Libs",
					"$(PROJECT_DIR)/../../ChilliSource/Libraries/CricketAudio/iOS/Libs",
				);
				MTL_ENABLE_DEBUG_INFO = YES;
				ONLY_ACTIVE_ARCH = YES;
				SDKROOT = iphoneos;
				TARGETED_DEVICE_FAMILY = "1,2";
			};
			name = Debug;
		};
		81C7FFFE1C89E86400D306F9 /* Release */ = {
			isa = XCBuildConfiguration;
			buildSettings = {
				ALWAYS_SEARCH_USER_PATHS = NO;
				CLANG_CXX_LANGUAGE_STANDARD = "gnu++0x";
				CLANG_CXX_LIBRARY = "libc++";
				CLANG_ENABLE_MODULES = YES;
				CLANG_ENABLE_OBJC_ARC = NO;
				CLANG_WARN_BOOL_CONVERSION = YES;
				CLANG_WARN_CONSTANT_CONVERSION = YES;
				CLANG_WARN_DIRECT_OBJC_ISA_USAGE = YES_ERROR;
				CLANG_WARN_EMPTY_BODY = YES;
				CLANG_WARN_ENUM_CONVERSION = YES;
				CLANG_WARN_INT_CONVERSION = YES;
				CLANG_WARN_OBJC_ROOT_CLASS = YES_ERROR;
				CLANG_WARN_UNREACHABLE_CODE = YES;
				CLANG_WARN__DUPLICATE_METHOD_MATCH = YES;
				"CODE_SIGN_IDENTITY[sdk=iphoneos*]" = "iPhone Developer";
				COPY_PHASE_STRIP = NO;
				DEBUG_INFORMATION_FORMAT = "dwarf-with-dsym";
				ENABLE_NS_ASSERTIONS = NO;
				ENABLE_STRICT_OBJC_MSGSEND = YES;
				FRAMEWORK_SEARCH_PATHS = (
					"$(inherited)",
					"$(PROJECT_DIR)/../../ChilliSource/Libraries/Core/iOS/Libs",
				);
				GCC_C_LANGUAGE_STANDARD = gnu99;
				GCC_INPUT_FILETYPE = sourcecode.cpp.objcpp;
				GCC_NO_COMMON_BLOCKS = YES;
				GCC_PREPROCESSOR_DEFINITIONS = (
					NDEBUG,
					CATCH_CONFIG_COLOUR_NONE,
					CS_TARGETPLATFORM_IOS,
					CS_LOGLEVEL_WARNING,
				);
				GCC_WARN_64_TO_32_BIT_CONVERSION = YES;
				GCC_WARN_ABOUT_RETURN_TYPE = YES_ERROR;
				GCC_WARN_UNDECLARED_SELECTOR = YES;
				GCC_WARN_UNINITIALIZED_AUTOS = YES_AGGRESSIVE;
				GCC_WARN_UNUSED_FUNCTION = YES;
				GCC_WARN_UNUSED_VARIABLE = YES;
				HEADER_SEARCH_PATHS = (
					"$(SRCROOT)/../../AppSource",
					"$(SRCROOT)/../../ChilliSource/Source",
					"$(SRCROOT)/../../ChilliSource/Libraries/Core/iOS/Headers",
					"$(SRCROOT)/../../ChilliSource/Libraries/CricketAudio/iOS/Headers",
					"$(SRCROOT)/../../Libraries/Catch/include",
				);
				IPHONEOS_DEPLOYMENT_TARGET = 6.0;
				LIBRARY_SEARCH_PATHS = (
					"$(PROJECT_DIR)/../../ChilliSource/Libraries/Core/iOS/Libs",
					"$(PROJECT_DIR)/../../ChilliSource/Libraries/CricketAudio/iOS/Libs",
				);
				MTL_ENABLE_DEBUG_INFO = NO;
				SDKROOT = iphoneos;
				TARGETED_DEVICE_FAMILY = "1,2";
				VALIDATE_PRODUCT = YES;
			};
			name = Release;
		};
/* End XCBuildConfiguration section */

/* Begin XCConfigurationList section */
		81C7FFDF1C89E86400D306F9 /* Build configuration list for PBXProject "CSTest" */ = {
			isa = XCConfigurationList;
			buildConfigurations = (
				81C7FFFD1C89E86400D306F9 /* Debug */,
				81C7FFFE1C89E86400D306F9 /* Release */,
			);
			defaultConfigurationIsVisible = 0;
			defaultConfigurationName = Release;
		};
		81C7FFFF1C89E86400D306F9 /* Build configuration list for PBXNativeTarget "CSTest" */ = {
			isa = XCConfigurationList;
			buildConfigurations = (
				81C700001C89E86400D306F9 /* Debug */,
				81C700011C89E86400D306F9 /* Release */,
			);
			defaultConfigurationIsVisible = 0;
			defaultConfigurationName = Release;
		};
/* End XCConfigurationList section */
	};
	rootObject = 81C7FFDC1C89E86400D306F9 /* Project object */;
}
